github.com/go-sql-driver/mysql v1.7.0 h1:ueSltNNllEqE3qcWBTD0iQd3IpL/6U+mJxLkazJ7YPc=
github.com/go-sql-driver/mysql v1.7.0/go.mod h1:OXbVy3sEdcQ2Doequ6Z5BW6fXNQTmx+9S1MCJN5yJMI=
github.com/quhar/bme280 v0.1.0 h1:NbQz1gnMA5EIAk1ja67mH9i6oA4TbA4+42LFBSRvwLU=
github.com/quhar/bme280 v0.1.0/go.mod h1:XeyRYBCyBKkKGyzk1oqX0PAoMOPz4rF22xR81EHMJe0=
golang.org/x/exp v0.0.0-20230307190834-24139beb5833 h1:SChBja7BCQewoTAU7IgvucQKMIXrEpFxNMs0spT3/5s=
golang.org/x/exp v0.0.0-20230307190834-24139beb5833/go.mod h1:CxIveKay+FTh1D0yPZemJVgC/95VzuuOLq5Qi4xnoYc=
